
Microsoft Visual Studio Solution File, Format Version 12.00
# Visual Studio Version 17
VisualStudioVersion = 17.9.34723.18
MinimumVisualStudioVersion = 10.0.40219.1
Project("{FAE04EC0-301F-11D3-BF4B-00C04F79EFBC}") = "MySecureApi", "MySecureApi\MySecureApi.csproj", "{986A08F6-18E9-48FE-9278-021E0F7B17A3}"
EndProject
Global
	GlobalSection(SolutionConfigurationPlatforms) = preSolution
		Debug|Any CPU = Debug|Any CPU
		Release|Any CPU = Release|Any CPU
	EndGlobalSection
	GlobalSection(ProjectConfigurationPlatforms) = postSolution
		{986A08F6-18E9-48FE-9278-021E0F7B17A3}.Debug|Any CPU.ActiveCfg = Debug|Any CPU
		{986A08F6-18E9-48FE-9278-021E0F7B17A3}.Debug|Any CPU.Build.0 = Debug|Any CPU
		{986A08F6-18E9-48FE-9278-021E0F7B17A3}.Release|Any CPU.ActiveCfg = Release|Any CPU
		{986A08F6-18E9-48FE-9278-021E0F7B17A3}.Release|Any CPU.Build.0 = Release|Any CPU
	EndGlobalSection
	GlobalSection(SolutionProperties) = preSolution
		HideSolutionNode = FALSE
	EndGlobalSection
	GlobalSection(ExtensibilityGlobals) = postSolution
		SolutionGuid = {ED850D23-D584-42E8-8C51-A675F8135DDD}
	EndGlobalSection
EndGlobal
